
Microsoft Visual Studio Solution File, Format Version 12.00
# Visual Studio Version 16
VisualStudioVersion = 16.0.31613.86
MinimumVisualStudioVersion = 10.0.40219.1
Project("{FAE04EC0-301F-11D3-BF4B-00C04F79EFBC}") = "Football League", "Football League\Football League.csproj", "{8ABA3872-E445-4B50-9387-49B8C4A18DFC}"
EndProject
Project("{00D1A9C2-B5F0-4AF3-8072-F6C62B433612}") = "FootballLeagueDB", "FootballLeagueDB\FootballLeagueDB.sqlproj", "{91037418-0941-4720-B024-5E63CDB8EC93}"
EndProject
Global
	GlobalSection(SolutionConfigurationPlatforms) = preSolution
		Debug|Any CPU = Debug|Any CPU
		Release|Any CPU = Release|Any CPU
	EndGlobalSection
	GlobalSection(ProjectConfigurationPlatforms) = postSolution
		{8ABA3872-E445-4B50-9387-49B8C4A18DFC}.Debug|Any CPU.ActiveCfg = Debug|Any CPU
		{8ABA3872-E445-4B50-9387-49B8C4A18DFC}.Debug|Any CPU.Build.0 = Debug|Any CPU
		{8ABA3872-E445-4B50-9387-49B8C4A18DFC}.Release|Any CPU.ActiveCfg = Release|Any CPU
		{8ABA3872-E445-4B50-9387-49B8C4A18DFC}.Release|Any CPU.Build.0 = Release|Any CPU
		{91037418-0941-4720-B024-5E63CDB8EC93}.Debug|Any CPU.ActiveCfg = Debug|Any CPU
		{91037418-0941-4720-B024-5E63CDB8EC93}.Debug|Any CPU.Build.0 = Debug|Any CPU
		{91037418-0941-4720-B024-5E63CDB8EC93}.Debug|Any CPU.Deploy.0 = Debug|Any CPU
		{91037418-0941-4720-B024-5E63CDB8EC93}.Release|Any CPU.ActiveCfg = Release|Any CPU
		{91037418-0941-4720-B024-5E63CDB8EC93}.Release|Any CPU.Build.0 = Release|Any CPU
		{91037418-0941-4720-B024-5E63CDB8EC93}.Release|Any CPU.Deploy.0 = Release|Any CPU
	EndGlobalSection
	GlobalSection(SolutionProperties) = preSolution
		HideSolutionNode = FALSE
	EndGlobalSection
	GlobalSection(ExtensibilityGlobals) = postSolution
		SolutionGuid = {F8F17E7C-24B7-4AD5-93AE-869E574BF672}
	EndGlobalSection
EndGlobal
